{
  "name": "angular",
  "version": "1.6.6",
  "lockfileVersion": 1,
  "requires": true,
  "dependencies": {
    "angular": {
      "version": "1.6.6",
      "resolved": "https://registry.npmjs.org/angular/-/angular-1.6.6.tgz",
      "integrity": "sha1-/Vo8+0N844LYVO4BEgeXl4Uny2Q="
    },
    "angular-cookies": {
      "version": "1.6.6",
      "resolved": "https://registry.npmjs.org/angular-cookies/-/angular-cookies-1.6.6.tgz",
      "integrity": "sha1-MRZC2v28T/fNaSILiSW4g1n7oUg="
    },
    "angular-route": {
      "version": "1.6.6",
      "resolved": "https://registry.npmjs.org/angular-route/-/angular-route-1.6.6.tgz",
      "integrity": "sha1-jBF0iqGVxxexthWn50ZEK/x8YfQ="
    },
    "angular-sanitize": {
      "version": "1.6.6",
      "resolved": "https://registry.npmjs.org/angular-sanitize/-/angular-sanitize-1.6.6.tgz",
      "integrity": "sha1-D9BloZkxUX++zmZZbTJdcrbgYEE="
    },
    "angular-translate": {
      "version": "file:node_modules/angular-translate",
      "integrity": "sha1-+aPCuNXa6312yeLAH/PD1X/hK5A=",
      "requires": {
        "angular": "1.6.6"
      }
    },
    "angular-translate-loader-static-files": {
      "version": "2.11.1",
      "resolved": "https://registry.npmjs.org/angular-translate-loader-static-files/-/angular-translate-loader-static-files-2.11.1.tgz",
      "integrity": "sha1-73wiPnrAzEJzr+I7+rqQC5y6nx8=",
      "requires": {
        "angular-translate": "2.11.1"
      },
      "dependencies": {
        "angular-translate": {
          "version": "2.11.1",
          "resolved": "https://registry.npmjs.org/angular-translate/-/angular-translate-2.11.1.tgz",
          "integrity": "sha1-Rjp7JWnpwe8PLj26fBc9JHFkdYI=",
          "requires": {
            "angular": "1.6.6"
          }
        }
      }
    }
  }
}
